# @generated - this file is auto-generated by `mise lock` https://mise.jdx.dev/dev-tools/mise-lock.html

lockfile_version = 1

[[tools."cargo:filter-repo-rs"]]
version = "1.0.5"
backend = "cargo:filter-repo-rs"
specifiers = ["latest"]

[[tools.rust]]
version = "1.98.0"
backend = "core:rust"
specifiers = ["latest"]
