# @generated - this file is auto-generated by `mise lock` https://mise.jdx.dev/dev-tools/mise-lock.html

[[tools.fnox]]
version = "1.34.0"
backend = "github:jdx/fnox"

[tools.fnox."platforms.linux-arm64"]
checksum = "sha256:6a435547e9161b8a268538a04b2cf7886184e945d6649ffbc0ff367bbfbc8dea"
url = "https://github.com/jdx/fnox/releases/download/v1.34.0/fnox-aarch64-unknown-linux-gnu.tar.gz"
url_api = "https://api.github.com/repos/jdx/fnox/releases/assets/525712277"
provenance = "github-attestations"

[tools.fnox."platforms.linux-arm64-musl"]
checksum = "sha256:9f3bdef3b618a11d123de4655191e319cb4a02691019609aeddcb862e05d27bd"
url = "https://github.com/jdx/fnox/releases/download/v1.34.0/fnox-aarch64-unknown-linux-musl.tar.gz"
url_api = "https://api.github.com/repos/jdx/fnox/releases/assets/525712271"
provenance = "github-attestations"

[tools.fnox."platforms.linux-x64"]
checksum = "sha256:2344ad4d48956380e4b2dcf680dbbdd51ef6da447c805c832562b94a4bd8da6d"
url = "https://github.com/jdx/fnox/releases/download/v1.34.0/fnox-x86_64-unknown-linux-gnu.tar.gz"
url_api = "https://api.github.com/repos/jdx/fnox/releases/assets/525712303"
provenance = "github-attestations"
provenance_verified = true

[tools.fnox."platforms.linux-x64-musl"]
checksum = "sha256:3648e415a91044ecbbd626049c7d781f652095f49385cb8fbcb8eba5f39c9434"
url = "https://github.com/jdx/fnox/releases/download/v1.34.0/fnox-x86_64-unknown-linux-musl.tar.gz"
url_api = "https://api.github.com/repos/jdx/fnox/releases/assets/525712305"
provenance = "github-attestations"

[tools.fnox."platforms.macos-arm64"]
checksum = "sha256:60cae86705108b7a2d2950b7182d58aa717f6996e4bb1e31fc1e8219a13a0cc5"
url = "https://github.com/jdx/fnox/releases/download/v1.34.0/fnox-aarch64-apple-darwin.tar.gz"
url_api = "https://api.github.com/repos/jdx/fnox/releases/assets/525712276"
provenance = "github-attestations"

[tools.fnox."platforms.macos-x64"]
checksum = "sha256:56c0bd7c8366f6ecf96f6c425cca81ba56fb64e16798bdbedf1a0675d287d868"
url = "https://github.com/jdx/fnox/releases/download/v1.34.0/fnox-x86_64-apple-darwin.tar.gz"
url_api = "https://api.github.com/repos/jdx/fnox/releases/assets/525712274"
provenance = "github-attestations"

[tools.fnox."platforms.windows-x64"]
checksum = "sha256:c6db4dbbeff36f07ab8e9ca99816d81d44404be1fc24891ae0f87928f58e7fcc"
url = "https://github.com/jdx/fnox/releases/download/v1.34.0/fnox-x86_64-pc-windows-msvc.zip"
url_api = "https://api.github.com/repos/jdx/fnox/releases/assets/525712298"
provenance = "github-attestations"

[[tools."github:YewFence/YewSeal"]]
version = "0.17.0"
backend = "github:YewFence/YewSeal"

[tools."github:YewFence/YewSeal"."platforms.linux-arm64"]
checksum = "sha256:05197263cc1d05e155504709df5f3afbc8832460d94488cf08b475269d662fa5"
url = "https://github.com/YewFence/YewSeal/releases/download/v0.17.0/yews-v0.17.0-linux-arm64.tar.gz"
url_api = "https://api.github.com/repos/YewFence/YewSeal/releases/assets/581374580"

[tools."github:YewFence/YewSeal"."platforms.linux-arm64-musl"]
checksum = "sha256:05197263cc1d05e155504709df5f3afbc8832460d94488cf08b475269d662fa5"
url = "https://github.com/YewFence/YewSeal/releases/download/v0.17.0/yews-v0.17.0-linux-arm64.tar.gz"
url_api = "https://api.github.com/repos/YewFence/YewSeal/releases/assets/581374580"

[tools."github:YewFence/YewSeal"."platforms.linux-x64"]
checksum = "sha256:389c2b7e48d4ec52c2ee8dee8dfbe2ef4e60db1f60551cc5893aae8a227c9fb4"
url = "https://github.com/YewFence/YewSeal/releases/download/v0.17.0/yews-v0.17.0-linux-amd64.tar.gz"
url_api = "https://api.github.com/repos/YewFence/YewSeal/releases/assets/581374587"

[tools."github:YewFence/YewSeal"."platforms.linux-x64-musl"]
checksum = "sha256:389c2b7e48d4ec52c2ee8dee8dfbe2ef4e60db1f60551cc5893aae8a227c9fb4"
url = "https://github.com/YewFence/YewSeal/releases/download/v0.17.0/yews-v0.17.0-linux-amd64.tar.gz"
url_api = "https://api.github.com/repos/YewFence/YewSeal/releases/assets/581374587"

[tools."github:YewFence/YewSeal"."platforms.macos-arm64"]
checksum = "sha256:eaab3cb220bddec9f66030011f88cff82f692159c1d05854006a5d2421639213"
url = "https://github.com/YewFence/YewSeal/releases/download/v0.17.0/yews-v0.17.0-darwin-arm64.tar.gz"
url_api = "https://api.github.com/repos/YewFence/YewSeal/releases/assets/581374586"

[tools."github:YewFence/YewSeal"."platforms.macos-x64"]
checksum = "sha256:4e1ed50774f6b94e2ce65379db09ec06f578ace2e9ae0ca323a33cae7cb4f617"
url = "https://github.com/YewFence/YewSeal/releases/download/v0.17.0/yews-v0.17.0-darwin-amd64.tar.gz"
url_api = "https://api.github.com/repos/YewFence/YewSeal/releases/assets/581374588"

[tools."github:YewFence/YewSeal"."platforms.windows-x64"]
checksum = "sha256:18bb157047c204ea2b8f52a3a519be4d89452da762f1dcbe0ffa70c765a89f98"
url = "https://github.com/YewFence/YewSeal/releases/download/v0.17.0/yews-v0.17.0-windows-amd64.zip"
url_api = "https://api.github.com/repos/YewFence/YewSeal/releases/assets/581374581"

[[tools."github:YewFence/forgejo-cli"]]
version = "2.2.0"
backend = "github:YewFence/forgejo-cli"

[tools."github:YewFence/forgejo-cli"."platforms.linux-arm64"]
checksum = "sha256:a7ce756b76ed6a4808ff43386c2b0c4aa91270fea54af78013ecbc53cc625b3a"
url = "https://github.com/YewFence/forgejo-cli/releases/download/v2.2.0/fj_v2.2.0_linux-aarch64.tar.gz"
url_api = "https://api.github.com/repos/YewFence/forgejo-cli/releases/assets/506783808"

[tools."github:YewFence/forgejo-cli"."platforms.linux-arm64-musl"]
checksum = "sha256:a7ce756b76ed6a4808ff43386c2b0c4aa91270fea54af78013ecbc53cc625b3a"
url = "https://github.com/YewFence/forgejo-cli/releases/download/v2.2.0/fj_v2.2.0_linux-aarch64.tar.gz"
url_api = "https://api.github.com/repos/YewFence/forgejo-cli/releases/assets/506783808"

[tools."github:YewFence/forgejo-cli"."platforms.linux-x64"]
checksum = "sha256:8a7bf23790555767a140a034b70a007ddeb10af1f7bcd98f799c8cd453feefca"
url = "https://github.com/YewFence/forgejo-cli/releases/download/v2.2.0/fj_v2.2.0_linux-x86_64.tar.gz"
url_api = "https://api.github.com/repos/YewFence/forgejo-cli/releases/assets/506783813"

[tools."github:YewFence/forgejo-cli"."platforms.linux-x64-musl"]
checksum = "sha256:8a7bf23790555767a140a034b70a007ddeb10af1f7bcd98f799c8cd453feefca"
url = "https://github.com/YewFence/forgejo-cli/releases/download/v2.2.0/fj_v2.2.0_linux-x86_64.tar.gz"
url_api = "https://api.github.com/repos/YewFence/forgejo-cli/releases/assets/506783813"

[tools."github:YewFence/forgejo-cli"."platforms.macos-arm64"]
checksum = "sha256:4e6e8dfe5c0add6de9de9a7d58e880a876883c9ce1ab47771ab617836c2fc7e3"
url = "https://github.com/YewFence/forgejo-cli/releases/download/v2.2.0/fj_v2.2.0_macos-aarch64.tar.gz"
url_api = "https://api.github.com/repos/YewFence/forgejo-cli/releases/assets/506783811"

[tools."github:YewFence/forgejo-cli"."platforms.macos-x64"]
checksum = "sha256:c42fc8a1827756ff62f31394d8e1160c15e9b892f68e65aa09bd9f35c88e54c9"
url = "https://github.com/YewFence/forgejo-cli/releases/download/v2.2.0/fj_v2.2.0_macos-x86_64.tar.gz"
url_api = "https://api.github.com/repos/YewFence/forgejo-cli/releases/assets/506783812"

[tools."github:YewFence/forgejo-cli"."platforms.windows-x64"]
checksum = "sha256:02de0d173670eeb9cda0583a3556bb91bb632c6d28e581b53d85ca7535c2348e"
url = "https://github.com/YewFence/forgejo-cli/releases/download/v2.2.0/fj_v2.2.0_windows-x86_64.tar.gz"
url_api = "https://api.github.com/repos/YewFence/forgejo-cli/releases/assets/506783809"

[[tools.pinact]]
version = "5.0.0"
backend = "aqua:suzuki-shunsuke/pinact"

[tools.pinact."platforms.linux-arm64"]
checksum = "sha256:d28ca5e9ddd7950da4a808288f8a83f84fc3ca40e86bab970f3adeef33578c0b"
url = "https://github.com/suzuki-shunsuke/pinact/releases/download/v5.0.0/pinact_linux_arm64.tar.gz"
url_api = "https://api.github.com/repos/suzuki-shunsuke/pinact/releases/assets/558638070"
provenance = "github-attestations"

[tools.pinact."platforms.linux-arm64-musl"]
checksum = "sha256:d28ca5e9ddd7950da4a808288f8a83f84fc3ca40e86bab970f3adeef33578c0b"
url = "https://github.com/suzuki-shunsuke/pinact/releases/download/v5.0.0/pinact_linux_arm64.tar.gz"
url_api = "https://api.github.com/repos/suzuki-shunsuke/pinact/releases/assets/558638070"
provenance = "github-attestations"

[tools.pinact."platforms.linux-x64"]
checksum = "sha256:d005bbb85da80dacdc07816f24a5da723a9f6d1e9f3d3e7e73df33f9caa1358f"
url = "https://github.com/suzuki-shunsuke/pinact/releases/download/v5.0.0/pinact_linux_amd64.tar.gz"
url_api = "https://api.github.com/repos/suzuki-shunsuke/pinact/releases/assets/558638065"
provenance = "github-attestations"

[tools.pinact."platforms.linux-x64-musl"]
checksum = "sha256:d005bbb85da80dacdc07816f24a5da723a9f6d1e9f3d3e7e73df33f9caa1358f"
url = "https://github.com/suzuki-shunsuke/pinact/releases/download/v5.0.0/pinact_linux_amd64.tar.gz"
url_api = "https://api.github.com/repos/suzuki-shunsuke/pinact/releases/assets/558638065"
provenance = "github-attestations"

[tools.pinact."platforms.macos-arm64"]
checksum = "sha256:3437ebfc9db720e431e86fd03ed19173b88dcb80b0f177d11a892126108661b5"
url = "https://github.com/suzuki-shunsuke/pinact/releases/download/v5.0.0/pinact_darwin_arm64.tar.gz"
url_api = "https://api.github.com/repos/suzuki-shunsuke/pinact/releases/assets/558638064"
provenance = "github-attestations"

[tools.pinact."platforms.macos-x64"]
checksum = "sha256:da5532bd185a9d3a16a1f93774f835574e0c50bc74c2085b9917b9df3e9fbbaa"
url = "https://github.com/suzuki-shunsuke/pinact/releases/download/v5.0.0/pinact_darwin_amd64.tar.gz"
url_api = "https://api.github.com/repos/suzuki-shunsuke/pinact/releases/assets/558638050"
provenance = "github-attestations"

[tools.pinact."platforms.windows-x64"]
checksum = "sha256:df2f590f24c2bfe65a35010bffb4369ba0792c9afaf7fb324b2330895a37d19f"
url = "https://github.com/suzuki-shunsuke/pinact/releases/download/v5.0.0/pinact_windows_amd64.zip"
url_api = "https://api.github.com/repos/suzuki-shunsuke/pinact/releases/assets/558638100"
provenance = "github-attestations"

[[tools.python]]
version = "3.14.7"
backend = "core:python"

[tools.python."platforms.linux-arm64"]
checksum = "sha256:4dba8d7e06199f841a9d6b54e4eb58d446a5c20c65085a916190dd0162c6e93b"
url = "https://github.com/astral-sh/python-build-standalone/releases/download/20260807/cpython-3.14.7+20260807-aarch64-unknown-linux-gnu-install_only_stripped.tar.gz"
provenance = "github-attestations"

[tools.python."platforms.linux-arm64-musl"]
checksum = "sha256:10be7fe15ba5d1e5cfee1c2d8a9c720f29621b873e1f147f0b0a07f23de20d1a"
url = "https://github.com/astral-sh/python-build-standalone/releases/download/20260807/cpython-3.14.7+20260807-aarch64-unknown-linux-musl-install_only_stripped.tar.gz"
provenance = "github-attestations"

[tools.python."platforms.linux-x64"]
checksum = "sha256:a2478d654ed51d443bae21ec20ad927f116b4f5aae4094ab74918a6aa38f0575"
url = "https://github.com/astral-sh/python-build-standalone/releases/download/20260807/cpython-3.14.7+20260807-x86_64-unknown-linux-gnu-install_only_stripped.tar.gz"
provenance = "github-attestations"

[tools.python."platforms.linux-x64-musl"]
checksum = "sha256:1fe25b50644b50b3333afa0d4013cc9cbab4dde4284c0154aebef4f53523ed99"
url = "https://github.com/astral-sh/python-build-standalone/releases/download/20260807/cpython-3.14.7+20260807-x86_64-unknown-linux-musl-install_only_stripped.tar.gz"
provenance = "github-attestations"

[tools.python."platforms.macos-arm64"]
checksum = "sha256:532645be202d3df8510ab318ca5faed92060a694c8327144e14fa81f31af0f6d"
url = "https://github.com/astral-sh/python-build-standalone/releases/download/20260807/cpython-3.14.7+20260807-aarch64-apple-darwin-install_only_stripped.tar.gz"
provenance = "github-attestations"

[tools.python."platforms.macos-x64"]
checksum = "sha256:9964e2d618ebea03be8ea3e65ab0ecc0f2b030ce203345b8f92654641fd4de66"
url = "https://github.com/astral-sh/python-build-standalone/releases/download/20260807/cpython-3.14.7+20260807-x86_64-apple-darwin-install_only_stripped.tar.gz"
provenance = "github-attestations"

[tools.python."platforms.windows-x64"]
checksum = "sha256:840e368318d1630bd8efbd3f7de8fab32cb4bbd735baef733f9034f2676c6a92"
url = "https://github.com/astral-sh/python-build-standalone/releases/download/20260807/cpython-3.14.7+20260807-x86_64-pc-windows-msvc-install_only_stripped.tar.gz"
provenance = "github-attestations"

[[tools.ruff]]
version = "0.16.8"
backend = "aqua:astral-sh/ruff"

[tools.ruff."platforms.linux-arm64"]
checksum = "sha256:8ff18ee07d6ed3cfbd05fdc9012646a79482c00045dbcbf32416ef8f14ab1f7e"
url = "https://github.com/astral-sh/ruff/releases/download/0.16.8/ruff-aarch64-unknown-linux-gnu.tar.gz"
url_api = "https://api.github.com/repos/astral-sh/ruff/releases/assets/568294361"
provenance = "github-attestations"

[tools.ruff."platforms.linux-arm64-musl"]
checksum = "sha256:57a4e072b6b74a4dd0036b7b253e056bdb70e02c68504ca6f2bfca2707d03fb6"
url = "https://github.com/astral-sh/ruff/releases/download/0.16.8/ruff-aarch64-unknown-linux-musl.tar.gz"
url_api = "https://api.github.com/repos/astral-sh/ruff/releases/assets/568294370"
provenance = "github-attestations"

[tools.ruff."platforms.linux-x64"]
checksum = "sha256:c4a8c7c152532bcb7e7ede4bd6ccd440dcacddffcdcdd79b90090ac6021f41c2"
url = "https://github.com/astral-sh/ruff/releases/download/0.16.8/ruff-x86_64-unknown-linux-gnu.tar.gz"
url_api = "https://api.github.com/repos/astral-sh/ruff/releases/assets/568294510"
provenance = "github-attestations"

[tools.ruff."platforms.linux-x64-musl"]
checksum = "sha256:e56aa612121de356f37d05f3284cd806081fb72d5dbd4814b3810c5a23c562cc"
url = "https://github.com/astral-sh/ruff/releases/download/0.16.8/ruff-x86_64-unknown-linux-musl.tar.gz"
url_api = "https://api.github.com/repos/astral-sh/ruff/releases/assets/568294522"
provenance = "github-attestations"

[tools.ruff."platforms.macos-arm64"]
checksum = "sha256:0ffa53899f2970d24f14fbed8d8265c87180b159b7100794d97a1527dc60fa79"
url = "https://github.com/astral-sh/ruff/releases/download/0.16.8/ruff-aarch64-apple-darwin.tar.gz"
url_api = "https://api.github.com/repos/astral-sh/ruff/releases/assets/568294350"
provenance = "github-attestations"

[tools.ruff."platforms.macos-x64"]
checksum = "sha256:bccb4d49c5c9f7e69fd42df2475730a08a641af31b8e0ee5e775e3dd829c4686"
url = "https://github.com/astral-sh/ruff/releases/download/0.16.8/ruff-x86_64-apple-darwin.tar.gz"
url_api = "https://api.github.com/repos/astral-sh/ruff/releases/assets/568294476"
provenance = "github-attestations"

[tools.ruff."platforms.windows-x64"]
checksum = "sha256:7985e06caf14b0077cb68da41edbf812e1d9654fe4c144d72b71138e96350129"
url = "https://github.com/astral-sh/ruff/releases/download/0.16.8/ruff-x86_64-pc-windows-msvc.zip"
url_api = "https://api.github.com/repos/astral-sh/ruff/releases/assets/568294490"
provenance = "github-attestations"

[[tools.uv]]
version = "0.12.17"
backend = "aqua:astral-sh/uv"

[tools.uv."platforms.linux-arm64"]
checksum = "sha256:d636d1b678e9e7f367ecb22b46bd1cabbed234d6bc3b4d96365d2b507f72f86c"
url = "https://github.com/astral-sh/uv/releases/download/0.12.17/uv-aarch64-unknown-linux-gnu.tar.gz"
url_api = "https://api.github.com/repos/astral-sh/uv/releases/assets/573252936"
provenance = "github-attestations"

[tools.uv."platforms.linux-arm64-musl"]
checksum = "sha256:a6096da273d548cb9f277d237a01ac7344a39ef0f455c0e148e4dc9737c1596b"
url = "https://github.com/astral-sh/uv/releases/download/0.12.17/uv-aarch64-unknown-linux-musl.tar.gz"
url_api = "https://api.github.com/repos/astral-sh/uv/releases/assets/573252947"
provenance = "github-attestations"

[tools.uv."platforms.linux-x64"]
checksum = "sha256:fa82fd8dde8e8eefdecada6aa0889666556cfceb690d06e0c3bca49eb3070a63"
url = "https://github.com/astral-sh/uv/releases/download/0.12.17/uv-x86_64-unknown-linux-gnu.tar.gz"
url_api = "https://api.github.com/repos/astral-sh/uv/releases/assets/573253080"
provenance = "github-attestations"

[tools.uv."platforms.linux-x64-musl"]
checksum = "sha256:6401c4665d8fa2a9893e087c91f585430738e3170f5398a1141483efb4a93310"
url = "https://github.com/astral-sh/uv/releases/download/0.12.17/uv-x86_64-unknown-linux-musl.tar.gz"
url_api = "https://api.github.com/repos/astral-sh/uv/releases/assets/573253085"
provenance = "github-attestations"

[tools.uv."platforms.macos-arm64"]
checksum = "sha256:85f00cbdc6dd3e97eba4c31b4d014375a9fdfe8f570023b84e5102fc3456896b"
url = "https://github.com/astral-sh/uv/releases/download/0.12.17/uv-aarch64-apple-darwin.tar.gz"
url_api = "https://api.github.com/repos/astral-sh/uv/releases/assets/573252913"
provenance = "github-attestations"

[tools.uv."platforms.macos-x64"]
checksum = "sha256:8dcf05a8c809bb3c471d2b614788ba27a6e41298fc8c31ac84b5f4339fd468e5"
url = "https://github.com/astral-sh/uv/releases/download/0.12.17/uv-x86_64-apple-darwin.tar.gz"
url_api = "https://api.github.com/repos/astral-sh/uv/releases/assets/573253060"
provenance = "github-attestations"

[tools.uv."platforms.windows-x64"]
checksum = "sha256:a252121d5b59398fcb137c6ea448176459a44010f33f67e0072305a637119ca7"
url = "https://github.com/astral-sh/uv/releases/download/0.12.17/uv-x86_64-pc-windows-msvc.zip"
url_api = "https://api.github.com/repos/astral-sh/uv/releases/assets/573253071"
provenance = "github-attestations"
