# @generated - this file is auto-generated by `mise lock` https://mise.jdx.dev/dev-tools/mise-lock.html

lockfile_version = 2

[[tools."github:aptible/supercronic"]]
version = "0.2.49"
backend = "github:aptible/supercronic"
specifiers = ["0.2.49"]

[tools."github:aptible/supercronic"."platforms.linux-arm64-musl"]
checksum = "sha256:02aa0cb229ba09050cba6638059dadb9eedc2276632ea43d6a57a2f8c1629dd5"
url = "https://github.com/aptible/supercronic/releases/download/v0.2.49/supercronic-linux-arm64"
url_api = "https://api.github.com/repos/aptible/supercronic/releases/assets/514408666"

[tools."github:aptible/supercronic"."platforms.linux-x64"]
checksum = "sha256:a53ae236602c7338aba3fbaff40bda6300eae3b9fedb8261eb06cfe3724430c1"
url = "https://github.com/aptible/supercronic/releases/download/v0.2.49/supercronic-linux-amd64"
url_api = "https://api.github.com/repos/aptible/supercronic/releases/assets/514408665"

[tools."github:aptible/supercronic"."platforms.linux-x64-musl"]
checksum = "sha256:a53ae236602c7338aba3fbaff40bda6300eae3b9fedb8261eb06cfe3724430c1"
url = "https://github.com/aptible/supercronic/releases/download/v0.2.49/supercronic-linux-amd64"
url_api = "https://api.github.com/repos/aptible/supercronic/releases/assets/514408665"
